// !$*UTF8*$!
{
	archiveVersion = 1;
	classes = {
	};
	objectVersion = 77;
	objects = {

/* Begin PBXBuildFile section */
		00D67AA08E23BC47A2446AA4 /* bb-freethrow-001.json in Resources */ = {isa = PBXBuildFile; fileRef = BB3143CD8745F4DC69CE78A6 /* bb-freethrow-001.json */; };
		01F651FCB58C68A4E52A2D4C /* MetaDefinition.swift in Sources */ = {isa = PBXBuildFile; fileRef = B56B5C1B3A9978E9FDD773CB /* MetaDefinition.swift */; };
		0A0911734AD176872DFF0C50 /* airball.wav in Resources */ = {isa = PBXBuildFile; fileRef = E47AA15346583018EED15CFF /* airball.wav */; };
		0CC6F60D5976ACD96286E7D4 /* swish-net.wav in Resources */ = {isa = PBXBuildFile; fileRef = 5D7CFB1A528CD7007DF960A2 /* swish-net.wav */; };
		1077E261CD66562A5EDB8775 /* AudioService.swift in Sources */ = {isa = PBXBuildFile; fileRef = 7CB0B5867941348343B853CE /* AudioService.swift */; };
		1C48B74D47984B3873B5A010 /* dribble-loop.wav in Resources */ = {isa = PBXBuildFile; fileRef = BFF506D6F1A792B76FB0816D /* dribble-loop.wav */; };
		1EA596BE6BEFFC1A4704EA8C /* README.md in Resources */ = {isa = PBXBuildFile; fileRef = 96D108D523580546B342728C /* README.md */; };
		201A43D5B00E715BE4574539 /* ScenarioLoader.swift in Sources */ = {isa = PBXBuildFile; fileRef = A5887B34B2CC453BE544852F /* ScenarioLoader.swift */; };
		255AD4BD76D76ACC8419414A /* PhysicsGameApp.swift in Sources */ = {isa = PBXBuildFile; fileRef = B704667D4D5BCBF27C131789 /* PhysicsGameApp.swift */; };
		26C9CC49060744D0646517FA /* shoot-release.wav in Resources */ = {isa = PBXBuildFile; fileRef = ECB6681874AA39461B8FBAD0 /* shoot-release.wav */; };
		2775B87C22AC233CDC66D388 /* SwishView.swift in Sources */ = {isa = PBXBuildFile; fileRef = 21B6B10987B09CE527846D9F /* SwishView.swift */; };
		28BC1105C13C6CFAAAE1C94C /* PlayInputView.swift in Sources */ = {isa = PBXBuildFile; fileRef = 015DA48DF98011DFBA83D806 /* PlayInputView.swift */; };
		30604F22E6E61A375E2036E9 /* LevelSelectView.swift in Sources */ = {isa = PBXBuildFile; fileRef = 75B0C01B5605051582C36486 /* LevelSelectView.swift */; };
		3504E06BDE871ECEF939E529 /* SportPickerView.swift in Sources */ = {isa = PBXBuildFile; fileRef = D146A709617A400713985CD1 /* SportPickerView.swift */; };
		3721462579BA6C98995789D6 /* SmokeTestDefinition.swift in Sources */ = {isa = PBXBuildFile; fileRef = 80EDD39579F7F214B9EA9F12 /* SmokeTestDefinition.swift */; };
		3C530CA3266970F9C2F27A53 /* BarlowCondensed-Italic.ttf in Resources */ = {isa = PBXBuildFile; fileRef = 679A2C851B1E7799933A233E /* BarlowCondensed-Italic.ttf */; };
		3FCFA4CBA20EB8A8166B2139 /* BarlowCondensed-Regular.ttf in Resources */ = {isa = PBXBuildFile; fileRef = EB473A0AE7E9BFB96E331F28 /* BarlowCondensed-Regular.ttf */; };
		401B475EBCCFD846AD2E2160 /* bg-basketball-gym-dusk.png in Resources */ = {isa = PBXBuildFile; fileRef = 6212191AC0336BE6E1AE4D24 /* bg-basketball-gym-dusk.png */; };
		428CE4CA1294A8153B2339EC /* ScenarioRecord.swift in Sources */ = {isa = PBXBuildFile; fileRef = 933DBF40155D5D21E717871F /* ScenarioRecord.swift */; };
		42DAF86344D10DD6F0080A18 /* SimulationConfig.swift in Sources */ = {isa = PBXBuildFile; fileRef = 71CEF348BD01D03D3223B02C /* SimulationConfig.swift */; };
		4887680ABFE2FD71F807C396 /* ScenarioID.swift in Sources */ = {isa = PBXBuildFile; fileRef = 47FA49C260B519FC37179C21 /* ScenarioID.swift */; };
		4CA11326E36DD74EFE10803A /* OutcomeDefinition.swift in Sources */ = {isa = PBXBuildFile; fileRef = 6B16C63005C492179FECFE8B /* OutcomeDefinition.swift */; };
		4D174938975E03A2166E858F /* ScenarioBackgroundView.swift in Sources */ = {isa = PBXBuildFile; fileRef = 765243C5C2D983166D8DC344 /* ScenarioBackgroundView.swift */; };
		509418D72D2F9259CA499861 /* miss-tone.wav in Resources */ = {isa = PBXBuildFile; fileRef = 057D1055BF0763AA15795726 /* miss-tone.wav */; };
		547951081C26F2B26320D5B4 /* PlayerProfileStore.swift in Sources */ = {isa = PBXBuildFile; fileRef = 8423C9B12D61CF29072D71B9 /* PlayerProfileStore.swift */; };
		54E1B51806DAA22B8F5B442F /* ScenarioEngineTests.swift in Sources */ = {isa = PBXBuildFile; fileRef = 600FF17AE0E433530E691868 /* ScenarioEngineTests.swift */; };
		56163DA5B104364F082CCA17 /* rim-hit.wav in Resources */ = {isa = PBXBuildFile; fileRef = 55657A3022D7E039A18756F4 /* rim-hit.wav */; };
		58BC89208219985DCBF66E68 /* PlayerProfile.swift in Sources */ = {isa = PBXBuildFile; fileRef = 565A53E3D7433F97610E37D8 /* PlayerProfile.swift */; };
		6332BC52876D5A9B2A0F3755 /* rim-drop.wav in Resources */ = {isa = PBXBuildFile; fileRef = EFE42EFD365B9D8BF4E5E2B9 /* rim-drop.wav */; };
		647FDE681CB9A8A0118245B8 /* Sport.swift in Sources */ = {isa = PBXBuildFile; fileRef = 87314AE5D3120BC1E36A05C9 /* Sport.swift */; };
		6D7C9EB3F8B605EA8D4789A3 /* SpotterService.swift in Sources */ = {isa = PBXBuildFile; fileRef = 31D95294BFFD55218FCC5D71 /* SpotterService.swift */; };
		7230B4DD21FDE19F11E50812 /* rim-drop.wav in Resources */ = {isa = PBXBuildFile; fileRef = EFE42EFD365B9D8BF4E5E2B9 /* rim-drop.wav */; };
		769D66F6B595C2EE68905096 /* AppOpenView.swift in Sources */ = {isa = PBXBuildFile; fileRef = 08331D43606F118E4724D75E /* AppOpenView.swift */; };
		7D1B2F2038833CF6F6369A6D /* PersistenceKeys.swift in Sources */ = {isa = PBXBuildFile; fileRef = 5A69AAF4433BCE229E008117 /* PersistenceKeys.swift */; };
		7F150A76BB9ABDB1B1808142 /* brand-mark.wav in Resources */ = {isa = PBXBuildFile; fileRef = DAC015AA73E8226960B1022D /* brand-mark.wav */; };
		84DB8625238A6A1E8BEC74C2 /* glass-bounce.wav in Resources */ = {isa = PBXBuildFile; fileRef = 6BC8F61703BCD9389E7C4F26 /* glass-bounce.wav */; };
		86D53428E359A02D83382995 /* PlayView.swift in Sources */ = {isa = PBXBuildFile; fileRef = D809C6C8FE75C3FEFFFC81C4 /* PlayView.swift */; };
		870C7A5A3DF2EA80B58C8F9D /* SimulationRegistry.swift in Sources */ = {isa = PBXBuildFile; fileRef = 7659807F674E00A2DB85668C /* SimulationRegistry.swift */; };
		885BA8D5DBBE5C2882D58D3B /* Projectile2DModule.swift in Sources */ = {isa = PBXBuildFile; fileRef = CF9E0602F505A218168F1A6F /* Projectile2DModule.swift */; };
		8D7E7C56B7D4510EAA46433F /* SolutionView.swift in Sources */ = {isa = PBXBuildFile; fileRef = FE46E3647FCFF7630F494F9E /* SolutionView.swift */; };
		9059FCB68096571624BC1472 /* Color+Tokens.swift in Sources */ = {isa = PBXBuildFile; fileRef = 3DA01253F96087CAA6843A1B /* Color+Tokens.swift */; };
		9880E276D98F5414A0D375A3 /* AnimationsDefinition.swift in Sources */ = {isa = PBXBuildFile; fileRef = 396DE9EA2962ACF13E476F99 /* AnimationsDefinition.swift */; };
		9B5C200ADDB78EBCC3C87827 /* dribble-loop.wav in Resources */ = {isa = PBXBuildFile; fileRef = BFF506D6F1A792B76FB0816D /* dribble-loop.wav */; };
		A50A6EC19CA4C118E4EA195D /* SituationDefinition.swift in Sources */ = {isa = PBXBuildFile; fileRef = DAC0365E997ADDB9388C7A28 /* SituationDefinition.swift */; };
		B1533C3DAC8E1B72A07FA2BA /* PlayLayoutMetrics.swift in Sources */ = {isa = PBXBuildFile; fileRef = A1C23C70E3942EDABBECD3F8 /* PlayLayoutMetrics.swift */; };
		B37DE08E75378F1D454EE4A3 /* glass-bounce.wav in Resources */ = {isa = PBXBuildFile; fileRef = 6BC8F61703BCD9389E7C4F26 /* glass-bounce.wav */; };
		B5602FC9868846E4BF52FA4A /* SoundID.swift in Sources */ = {isa = PBXBuildFile; fileRef = FED49D4031D10DAF2A453E41 /* SoundID.swift */; };
		B7FE2111780869E842FDA339 /* IntroView.swift in Sources */ = {isa = PBXBuildFile; fileRef = C801ABCF740236A464FF766F /* IntroView.swift */; };
		B85FF9AB712B6016807F3758 /* RootView.swift in Sources */ = {isa = PBXBuildFile; fileRef = 61CE2A33E8DD01D1176406D0 /* RootView.swift */; };
		B97BC88E0638614CB7DE5161 /* Anton-Regular.ttf in Resources */ = {isa = PBXBuildFile; fileRef = 0B8B9DBF43C518D2DC722321 /* Anton-Regular.ttf */; };
		BE07AAB32AC82C29B5EBB02D /* rim-hit.wav in Resources */ = {isa = PBXBuildFile; fileRef = 55657A3022D7E039A18756F4 /* rim-hit.wav */; };
		C4D65769C9586AFA5A6604EC /* brand-mark.wav in Resources */ = {isa = PBXBuildFile; fileRef = DAC015AA73E8226960B1022D /* brand-mark.wav */; };
		C5141DF8A7BF4D58920CCD78 /* MotionController.swift in Sources */ = {isa = PBXBuildFile; fileRef = 86C8711045AAF16CDCB2F433 /* MotionController.swift */; };
		C610B815B320DD0136B51A43 /* AudioBundleTests.swift in Sources */ = {isa = PBXBuildFile; fileRef = C11EA3D3ABA9C0ECDF6C1005 /* AudioBundleTests.swift */; };
		C7F7E63F6E0454993C1F097B /* VariableStrip.swift in Sources */ = {isa = PBXBuildFile; fileRef = 6CEC5718BECE800709CBC89B /* VariableStrip.swift */; };
		C81C17F196778D2C3ABFD111 /* ScenarioContainerView.swift in Sources */ = {isa = PBXBuildFile; fileRef = 3D4E4862EDE6A9C4FB6FD79B /* ScenarioContainerView.swift */; };
		C96B940356EB7F956A1A64C8 /* ScenarioSession.swift in Sources */ = {isa = PBXBuildFile; fileRef = 61C964E97BDE5CC692C8D0BA /* ScenarioSession.swift */; };
		CB055AADD3F9BD442ADFE2F1 /* VoiceDefinition.swift in Sources */ = {isa = PBXBuildFile; fileRef = BC75BC73EFAC1C00733BFD2B /* VoiceDefinition.swift */; };
		CC097283E05CCD708ED75428 /* SimulationModule.swift in Sources */ = {isa = PBXBuildFile; fileRef = 4DEFAC4037D2B22155CE1229 /* SimulationModule.swift */; };
		CE2C7347CE0F40BFC3A705C8 /* Spacing+Tokens.swift in Sources */ = {isa = PBXBuildFile; fileRef = 599642AB2CEC72A429E32B58 /* Spacing+Tokens.swift */; };
		CFECCB174E13F0134AE220D8 /* PostSplashRouterView.swift in Sources */ = {isa = PBXBuildFile; fileRef = 7A6EEBEA5AE6782EFF0F876A /* PostSplashRouterView.swift */; };
		D01562D44B3D2C7420D507E2 /* CourtCoordinateTransform.swift in Sources */ = {isa = PBXBuildFile; fileRef = D753DFE7BF4B1F44E0A40CA1 /* CourtCoordinateTransform.swift */; };
		D1EBBBC537096C34F0F2E608 /* swish-net.wav in Resources */ = {isa = PBXBuildFile; fileRef = 5D7CFB1A528CD7007DF960A2 /* swish-net.wav */; };
		D253BE4153A3E2F7975C19F7 /* MissedView.swift in Sources */ = {isa = PBXBuildFile; fileRef = EC7EF6BE58F702D3401B7989 /* MissedView.swift */; };
		D43DE11773969B07462D7774 /* bb-freethrow-001.json in Resources */ = {isa = PBXBuildFile; fileRef = BB3143CD8745F4DC69CE78A6 /* bb-freethrow-001.json */; };
		D6A0EE326D44171B26FC2E52 /* SportLevelCatalog.swift in Sources */ = {isa = PBXBuildFile; fileRef = 58405730E86D1F12E345A4EC /* SportLevelCatalog.swift */; };
		D76C91B8317812B6FD546755 /* HintDefinition.swift in Sources */ = {isa = PBXBuildFile; fileRef = 33CBC61BF6F5D7B7EB6C594C /* HintDefinition.swift */; };
		DFE93D1AD9ADB5AC9BF0A3EB /* shoot-release.wav in Resources */ = {isa = PBXBuildFile; fileRef = ECB6681874AA39461B8FBAD0 /* shoot-release.wav */; };
		E2A9013B2E5CB5466F1B79AB /* SolutionDefinition.swift in Sources */ = {isa = PBXBuildFile; fileRef = B2219A2AB8FEF7741B36D01B /* SolutionDefinition.swift */; };
		E31EA62FDBC7F1DB91F95438 /* InputDefinition.swift in Sources */ = {isa = PBXBuildFile; fileRef = 44C621D65E074641B4D9EE7D /* InputDefinition.swift */; };
		E7E6B89CADBEC9575B567648 /* PlayHUDView.swift in Sources */ = {isa = PBXBuildFile; fileRef = 3C4BFA89135A12CC98258CD1 /* PlayHUDView.swift */; };
		E9FAFB27F65BB0B4E1A82A3C /* PlayerProfileStoreTests.swift in Sources */ = {isa = PBXBuildFile; fileRef = CAEA9B3ED5D445AAC1D85138 /* PlayerProfileStoreTests.swift */; };
		EAFFD42F8D90C1A8C7DB3951 /* ScenarioDefinition.swift in Sources */ = {isa = PBXBuildFile; fileRef = DE41AAC818D00E32D8B2B0FD /* ScenarioDefinition.swift */; };
		EE1E645F15B31D64FEE9B2BD /* airball.wav in Resources */ = {isa = PBXBuildFile; fileRef = E47AA15346583018EED15CFF /* airball.wav */; };
		EED8294D5F7AFAB0608576F2 /* PlaySceneNode.swift in Sources */ = {isa = PBXBuildFile; fileRef = 07EF9C90BFBFEEC9EE121655 /* PlaySceneNode.swift */; };
		F055B38FF1A5F577448BFC35 /* Font+Tokens.swift in Sources */ = {isa = PBXBuildFile; fileRef = 4E7FDD3CA85816BDD0744657 /* Font+Tokens.swift */; };
		F26EB030EB438C2767FB6A89 /* miss-tone.wav in Resources */ = {isa = PBXBuildFile; fileRef = 057D1055BF0763AA15795726 /* miss-tone.wav */; };
		FB065A66D348701062DA66A7 /* Assets.xcassets in Resources */ = {isa = PBXBuildFile; fileRef = DEDB5BFF752609FFEBE03DD8 /* Assets.xcassets */; };
		FB8A49C0551FAA4C8FB1D441 /* OnboardingView.swift in Sources */ = {isa = PBXBuildFile; fileRef = 100673C986D912EFEBC0F5F9 /* OnboardingView.swift */; };
		FF0BDF00C15711329506705D /* Rank.swift in Sources */ = {isa = PBXBuildFile; fileRef = C4135AD3FFE28EC94268834B /* Rank.swift */; };
		FFE6E0A77ACD04D4A43EAB32 /* SubscriptionService.swift in Sources */ = {isa = PBXBuildFile; fileRef = 950762B9300C1A37D87CD83C /* SubscriptionService.swift */; };
/* End PBXBuildFile section */

/* Begin PBXContainerItemProxy section */
		09163EDC1C436F5226DF9F96 /* PBXContainerItemProxy */ = {
			isa = PBXContainerItemProxy;
			containerPortal = C9A232D1FE258D2E20FB3523 /* Project object */;
			proxyType = 1;
			remoteGlobalIDString = 86875897627E9CD73CA2F4BC;
			remoteInfo = PhysicsGame;
		};
/* End PBXContainerItemProxy section */

/* Begin PBXFileReference section */
		015DA48DF98011DFBA83D806 /* PlayInputView.swift */ = {isa = PBXFileReference; lastKnownFileType = sourcecode.swift; path = PlayInputView.swift; sourceTree = "<group>"; };
		057D1055BF0763AA15795726 /* miss-tone.wav */ = {isa = PBXFileReference; lastKnownFileType = audio.wav; path = "miss-tone.wav"; sourceTree = "<group>"; };
		07EF9C90BFBFEEC9EE121655 /* PlaySceneNode.swift */ = {isa = PBXFileReference; lastKnownFileType = sourcecode.swift; path = PlaySceneNode.swift; sourceTree = "<group>"; };
		08331D43606F118E4724D75E /* AppOpenView.swift */ = {isa = PBXFileReference; lastKnownFileType = sourcecode.swift; path = AppOpenView.swift; sourceTree = "<group>"; };
		0B8B9DBF43C518D2DC722321 /* Anton-Regular.ttf */ = {isa = PBXFileReference; lastKnownFileType = file; path = "Anton-Regular.ttf"; sourceTree = "<group>"; };
		100673C986D912EFEBC0F5F9 /* OnboardingView.swift */ = {isa = PBXFileReference; lastKnownFileType = sourcecode.swift; path = OnboardingView.swift; sourceTree = "<group>"; };
		21B6B10987B09CE527846D9F /* SwishView.swift */ = {isa = PBXFileReference; lastKnownFileType = sourcecode.swift; path = SwishView.swift; sourceTree = "<group>"; };
		2D02EF98AD8477BD0CE70809 /* Info.plist */ = {isa = PBXFileReference; lastKnownFileType = text.plist; path = Info.plist; sourceTree = "<group>"; };
		31D95294BFFD55218FCC5D71 /* SpotterService.swift */ = {isa = PBXFileReference; lastKnownFileType = sourcecode.swift; path = SpotterService.swift; sourceTree = "<group>"; };
		33CBC61BF6F5D7B7EB6C594C /* HintDefinition.swift */ = {isa = PBXFileReference; lastKnownFileType = sourcecode.swift; path = HintDefinition.swift; sourceTree = "<group>"; };
		37376D982861679D8C01BD9A /* PhysicsGame.app */ = {isa = PBXFileReference; explicitFileType = wrapper.application; includeInIndex = 0; path = PhysicsGame.app; sourceTree = BUILT_PRODUCTS_DIR; };
		396DE9EA2962ACF13E476F99 /* AnimationsDefinition.swift */ = {isa = PBXFileReference; lastKnownFileType = sourcecode.swift; path = AnimationsDefinition.swift; sourceTree = "<group>"; };
		3C4BFA89135A12CC98258CD1 /* PlayHUDView.swift */ = {isa = PBXFileReference; lastKnownFileType = sourcecode.swift; path = PlayHUDView.swift; sourceTree = "<group>"; };
		3D4E4862EDE6A9C4FB6FD79B /* ScenarioContainerView.swift */ = {isa = PBXFileReference; lastKnownFileType = sourcecode.swift; path = ScenarioContainerView.swift; sourceTree = "<group>"; };
		3DA01253F96087CAA6843A1B /* Color+Tokens.swift */ = {isa = PBXFileReference; lastKnownFileType = sourcecode.swift; path = "Color+Tokens.swift"; sourceTree = "<group>"; };
		44C621D65E074641B4D9EE7D /* InputDefinition.swift */ = {isa = PBXFileReference; lastKnownFileType = sourcecode.swift; path = InputDefinition.swift; sourceTree = "<group>"; };
		47FA49C260B519FC37179C21 /* ScenarioID.swift */ = {isa = PBXFileReference; lastKnownFileType = sourcecode.swift; path = ScenarioID.swift; sourceTree = "<group>"; };
		4DEFAC4037D2B22155CE1229 /* SimulationModule.swift */ = {isa = PBXFileReference; lastKnownFileType = sourcecode.swift; path = SimulationModule.swift; sourceTree = "<group>"; };
		4E7FDD3CA85816BDD0744657 /* Font+Tokens.swift */ = {isa = PBXFileReference; lastKnownFileType = sourcecode.swift; path = "Font+Tokens.swift"; sourceTree = "<group>"; };
		55657A3022D7E039A18756F4 /* rim-hit.wav */ = {isa = PBXFileReference; lastKnownFileType = audio.wav; path = "rim-hit.wav"; sourceTree = "<group>"; };
		565A53E3D7433F97610E37D8 /* PlayerProfile.swift */ = {isa = PBXFileReference; lastKnownFileType = sourcecode.swift; path = PlayerProfile.swift; sourceTree = "<group>"; };
		58405730E86D1F12E345A4EC /* SportLevelCatalog.swift */ = {isa = PBXFileReference; lastKnownFileType = sourcecode.swift; path = SportLevelCatalog.swift; sourceTree = "<group>"; };
		599642AB2CEC72A429E32B58 /* Spacing+Tokens.swift */ = {isa = PBXFileReference; lastKnownFileType = sourcecode.swift; path = "Spacing+Tokens.swift"; sourceTree = "<group>"; };
		5A69AAF4433BCE229E008117 /* PersistenceKeys.swift */ = {isa = PBXFileReference; lastKnownFileType = sourcecode.swift; path = PersistenceKeys.swift; sourceTree = "<group>"; };
		5D7CFB1A528CD7007DF960A2 /* swish-net.wav */ = {isa = PBXFileReference; lastKnownFileType = audio.wav; path = "swish-net.wav"; sourceTree = "<group>"; };
		600FF17AE0E433530E691868 /* ScenarioEngineTests.swift */ = {isa = PBXFileReference; lastKnownFileType = sourcecode.swift; path = ScenarioEngineTests.swift; sourceTree = "<group>"; };
		61C964E97BDE5CC692C8D0BA /* ScenarioSession.swift */ = {isa = PBXFileReference; lastKnownFileType = sourcecode.swift; path = ScenarioSession.swift; sourceTree = "<group>"; };
		61CE2A33E8DD01D1176406D0 /* RootView.swift */ = {isa = PBXFileReference; lastKnownFileType = sourcecode.swift; path = RootView.swift; sourceTree = "<group>"; };
		6212191AC0336BE6E1AE4D24 /* bg-basketball-gym-dusk.png */ = {isa = PBXFileReference; lastKnownFileType = image.png; path = "bg-basketball-gym-dusk.png"; sourceTree = "<group>"; };
		679A2C851B1E7799933A233E /* BarlowCondensed-Italic.ttf */ = {isa = PBXFileReference; lastKnownFileType = file; path = "BarlowCondensed-Italic.ttf"; sourceTree = "<group>"; };
		6B16C63005C492179FECFE8B /* OutcomeDefinition.swift */ = {isa = PBXFileReference; lastKnownFileType = sourcecode.swift; path = OutcomeDefinition.swift; sourceTree = "<group>"; };
		6BC8F61703BCD9389E7C4F26 /* glass-bounce.wav */ = {isa = PBXFileReference; lastKnownFileType = audio.wav; path = "glass-bounce.wav"; sourceTree = "<group>"; };
		6CEC5718BECE800709CBC89B /* VariableStrip.swift */ = {isa = PBXFileReference; lastKnownFileType = sourcecode.swift; path = VariableStrip.swift; sourceTree = "<group>"; };
		71CEF348BD01D03D3223B02C /* SimulationConfig.swift */ = {isa = PBXFileReference; lastKnownFileType = sourcecode.swift; path = SimulationConfig.swift; sourceTree = "<group>"; };
		75B0C01B5605051582C36486 /* LevelSelectView.swift */ = {isa = PBXFileReference; lastKnownFileType = sourcecode.swift; path = LevelSelectView.swift; sourceTree = "<group>"; };
		765243C5C2D983166D8DC344 /* ScenarioBackgroundView.swift */ = {isa = PBXFileReference; lastKnownFileType = sourcecode.swift; path = ScenarioBackgroundView.swift; sourceTree = "<group>"; };
		7659807F674E00A2DB85668C /* SimulationRegistry.swift */ = {isa = PBXFileReference; lastKnownFileType = sourcecode.swift; path = SimulationRegistry.swift; sourceTree = "<group>"; };
		7A6EEBEA5AE6782EFF0F876A /* PostSplashRouterView.swift */ = {isa = PBXFileReference; lastKnownFileType = sourcecode.swift; path = PostSplashRouterView.swift; sourceTree = "<group>"; };
		7CB0B5867941348343B853CE /* AudioService.swift */ = {isa = PBXFileReference; lastKnownFileType = sourcecode.swift; path = AudioService.swift; sourceTree = "<group>"; };
		80EDD39579F7F214B9EA9F12 /* SmokeTestDefinition.swift */ = {isa = PBXFileReference; lastKnownFileType = sourcecode.swift; path = SmokeTestDefinition.swift; sourceTree = "<group>"; };
		83CB785580DE7171854CF1F5 /* PhysicsGameTests.xctest */ = {isa = PBXFileReference; includeInIndex = 0; lastKnownFileType = wrapper.cfbundle; path = PhysicsGameTests.xctest; sourceTree = BUILT_PRODUCTS_DIR; };
		8423C9B12D61CF29072D71B9 /* PlayerProfileStore.swift */ = {isa = PBXFileReference; lastKnownFileType = sourcecode.swift; path = PlayerProfileStore.swift; sourceTree = "<group>"; };
		86C8711045AAF16CDCB2F433 /* MotionController.swift */ = {isa = PBXFileReference; lastKnownFileType = sourcecode.swift; path = MotionController.swift; sourceTree = "<group>"; };
		87314AE5D3120BC1E36A05C9 /* Sport.swift */ = {isa = PBXFileReference; lastKnownFileType = sourcecode.swift; path = Sport.swift; sourceTree = "<group>"; };
		933DBF40155D5D21E717871F /* ScenarioRecord.swift */ = {isa = PBXFileReference; lastKnownFileType = sourcecode.swift; path = ScenarioRecord.swift; sourceTree = "<group>"; };
		950762B9300C1A37D87CD83C /* SubscriptionService.swift */ = {isa = PBXFileReference; lastKnownFileType = sourcecode.swift; path = SubscriptionService.swift; sourceTree = "<group>"; };
		96D108D523580546B342728C /* README.md */ = {isa = PBXFileReference; lastKnownFileType = net.daringfireball.markdown; path = README.md; sourceTree = "<group>"; };
		A1C23C70E3942EDABBECD3F8 /* PlayLayoutMetrics.swift */ = {isa = PBXFileReference; lastKnownFileType = sourcecode.swift; path = PlayLayoutMetrics.swift; sourceTree = "<group>"; };
		A5887B34B2CC453BE544852F /* ScenarioLoader.swift */ = {isa = PBXFileReference; lastKnownFileType = sourcecode.swift; path = ScenarioLoader.swift; sourceTree = "<group>"; };
		B2219A2AB8FEF7741B36D01B /* SolutionDefinition.swift */ = {isa = PBXFileReference; lastKnownFileType = sourcecode.swift; path = SolutionDefinition.swift; sourceTree = "<group>"; };
		B56B5C1B3A9978E9FDD773CB /* MetaDefinition.swift */ = {isa = PBXFileReference; lastKnownFileType = sourcecode.swift; path = MetaDefinition.swift; sourceTree = "<group>"; };
		B704667D4D5BCBF27C131789 /* PhysicsGameApp.swift */ = {isa = PBXFileReference; lastKnownFileType = sourcecode.swift; path = PhysicsGameApp.swift; sourceTree = "<group>"; };
		BB3143CD8745F4DC69CE78A6 /* bb-freethrow-001.json */ = {isa = PBXFileReference; lastKnownFileType = text.json; path = "bb-freethrow-001.json"; sourceTree = "<group>"; };
		BC75BC73EFAC1C00733BFD2B /* VoiceDefinition.swift */ = {isa = PBXFileReference; lastKnownFileType = sourcecode.swift; path = VoiceDefinition.swift; sourceTree = "<group>"; };
		BFF506D6F1A792B76FB0816D /* dribble-loop.wav */ = {isa = PBXFileReference; lastKnownFileType = audio.wav; path = "dribble-loop.wav"; sourceTree = "<group>"; };
		C11EA3D3ABA9C0ECDF6C1005 /* AudioBundleTests.swift */ = {isa = PBXFileReference; lastKnownFileType = sourcecode.swift; path = AudioBundleTests.swift; sourceTree = "<group>"; };
		C4135AD3FFE28EC94268834B /* Rank.swift */ = {isa = PBXFileReference; lastKnownFileType = sourcecode.swift; path = Rank.swift; sourceTree = "<group>"; };
		C801ABCF740236A464FF766F /* IntroView.swift */ = {isa = PBXFileReference; lastKnownFileType = sourcecode.swift; path = IntroView.swift; sourceTree = "<group>"; };
		CAEA9B3ED5D445AAC1D85138 /* PlayerProfileStoreTests.swift */ = {isa = PBXFileReference; lastKnownFileType = sourcecode.swift; path = PlayerProfileStoreTests.swift; sourceTree = "<group>"; };
		CF9E0602F505A218168F1A6F /* Projectile2DModule.swift */ = {isa = PBXFileReference; lastKnownFileType = sourcecode.swift; path = Projectile2DModule.swift; sourceTree = "<group>"; };
		D146A709617A400713985CD1 /* SportPickerView.swift */ = {isa = PBXFileReference; lastKnownFileType = sourcecode.swift; path = SportPickerView.swift; sourceTree = "<group>"; };
		D753DFE7BF4B1F44E0A40CA1 /* CourtCoordinateTransform.swift */ = {isa = PBXFileReference; lastKnownFileType = sourcecode.swift; path = CourtCoordinateTransform.swift; sourceTree = "<group>"; };
		D809C6C8FE75C3FEFFFC81C4 /* PlayView.swift */ = {isa = PBXFileReference; lastKnownFileType = sourcecode.swift; path = PlayView.swift; sourceTree = "<group>"; };
		DAC015AA73E8226960B1022D /* brand-mark.wav */ = {isa = PBXFileReference; lastKnownFileType = audio.wav; path = "brand-mark.wav"; sourceTree = "<group>"; };
		DAC0365E997ADDB9388C7A28 /* SituationDefinition.swift */ = {isa = PBXFileReference; lastKnownFileType = sourcecode.swift; path = SituationDefinition.swift; sourceTree = "<group>"; };
		DE41AAC818D00E32D8B2B0FD /* ScenarioDefinition.swift */ = {isa = PBXFileReference; lastKnownFileType = sourcecode.swift; path = ScenarioDefinition.swift; sourceTree = "<group>"; };
		DEDB5BFF752609FFEBE03DD8 /* Assets.xcassets */ = {isa = PBXFileReference; lastKnownFileType = folder.assetcatalog; path = Assets.xcassets; sourceTree = "<group>"; };
		E47AA15346583018EED15CFF /* airball.wav */ = {isa = PBXFileReference; lastKnownFileType = audio.wav; path = airball.wav; sourceTree = "<group>"; };
		EB473A0AE7E9BFB96E331F28 /* BarlowCondensed-Regular.ttf */ = {isa = PBXFileReference; lastKnownFileType = file; path = "BarlowCondensed-Regular.ttf"; sourceTree = "<group>"; };
		EC7EF6BE58F702D3401B7989 /* MissedView.swift */ = {isa = PBXFileReference; lastKnownFileType = sourcecode.swift; path = MissedView.swift; sourceTree = "<group>"; };
		ECB6681874AA39461B8FBAD0 /* shoot-release.wav */ = {isa = PBXFileReference; lastKnownFileType = audio.wav; path = "shoot-release.wav"; sourceTree = "<group>"; };
		EFE42EFD365B9D8BF4E5E2B9 /* rim-drop.wav */ = {isa = PBXFileReference; lastKnownFileType = audio.wav; path = "rim-drop.wav"; sourceTree = "<group>"; };
		FE46E3647FCFF7630F494F9E /* SolutionView.swift */ = {isa = PBXFileReference; lastKnownFileType = sourcecode.swift; path = SolutionView.swift; sourceTree = "<group>"; };
		FED49D4031D10DAF2A453E41 /* SoundID.swift */ = {isa = PBXFileReference; lastKnownFileType = sourcecode.swift; path = SoundID.swift; sourceTree = "<group>"; };
/* End PBXFileReference section */

/* Begin PBXGroup section */
		0AFA27E145FCD99C299C11D4 /* Backgrounds */ = {
			isa = PBXGroup;
			children = (
				ACC49FBE6747A75AA0D40DFD /* Basketball */,
			);
			path = Backgrounds;
			sourceTree = "<group>";
		};
		0DAFFF48CE56F00A929CA9A6 /* Persistence */ = {
			isa = PBXGroup;
			children = (
				5A69AAF4433BCE229E008117 /* PersistenceKeys.swift */,
				565A53E3D7433F97610E37D8 /* PlayerProfile.swift */,
				8423C9B12D61CF29072D71B9 /* PlayerProfileStore.swift */,
				933DBF40155D5D21E717871F /* ScenarioRecord.swift */,
			);
			path = Persistence;
			sourceTree = "<group>";
		};
		166A91AC3C2B4B9EF6F46117 /* Sources */ = {
			isa = PBXGroup;
			children = (
				701CD9DE0B86937C95712FC1 /* Audio */,
				58C2A51D3F82FB2A8371CC67 /* Domain */,
				0DAFFF48CE56F00A929CA9A6 /* Persistence */,
				520D3554F0C450A8B2D6E69B /* Render */,
				6E212D5F1E294030DB4907DE /* Schema */,
				ECD960A301AC2691CA54126A /* Services */,
				56D27181864F02D8765B9645 /* Simulation */,
				2D02EF98AD8477BD0CE70809 /* Info.plist */,
				B704667D4D5BCBF27C131789 /* PhysicsGameApp.swift */,
			);
			path = Sources;
			sourceTree = "<group>";
		};
		220C02E89DFD5E281C9E1620 /* Products */ = {
			isa = PBXGroup;
			children = (
				37376D982861679D8C01BD9A /* PhysicsGame.app */,
				83CB785580DE7171854CF1F5 /* PhysicsGameTests.xctest */,
			);
			name = Products;
			sourceTree = "<group>";
		};
		2C959E5B2C519BBFB6ACD0F4 /* Sprites */ = {
			isa = PBXGroup;
			children = (
				4B636EEA51D3566A16A7167D /* Basketball */,
			);
			path = Sprites;
			sourceTree = "<group>";
		};
		4B636EEA51D3566A16A7167D /* Basketball */ = {
			isa = PBXGroup;
			children = (
			);
			path = Basketball;
			sourceTree = "<group>";
		};
		4CFA05BA1C6ED4C57872185A /* Fonts */ = {
			isa = PBXGroup;
			children = (
				0B8B9DBF43C518D2DC722321 /* Anton-Regular.ttf */,
				679A2C851B1E7799933A233E /* BarlowCondensed-Italic.ttf */,
				EB473A0AE7E9BFB96E331F28 /* BarlowCondensed-Regular.ttf */,
			);
			path = Fonts;
			sourceTree = "<group>";
		};
		520D3554F0C450A8B2D6E69B /* Render */ = {
			isa = PBXGroup;
			children = (
				08331D43606F118E4724D75E /* AppOpenView.swift */,
				3DA01253F96087CAA6843A1B /* Color+Tokens.swift */,
				D753DFE7BF4B1F44E0A40CA1 /* CourtCoordinateTransform.swift */,
				4E7FDD3CA85816BDD0744657 /* Font+Tokens.swift */,
				C801ABCF740236A464FF766F /* IntroView.swift */,
				75B0C01B5605051582C36486 /* LevelSelectView.swift */,
				EC7EF6BE58F702D3401B7989 /* MissedView.swift */,
				100673C986D912EFEBC0F5F9 /* OnboardingView.swift */,
				3C4BFA89135A12CC98258CD1 /* PlayHUDView.swift */,
				015DA48DF98011DFBA83D806 /* PlayInputView.swift */,
				A1C23C70E3942EDABBECD3F8 /* PlayLayoutMetrics.swift */,
				07EF9C90BFBFEEC9EE121655 /* PlaySceneNode.swift */,
				D809C6C8FE75C3FEFFFC81C4 /* PlayView.swift */,
				7A6EEBEA5AE6782EFF0F876A /* PostSplashRouterView.swift */,
				61CE2A33E8DD01D1176406D0 /* RootView.swift */,
				765243C5C2D983166D8DC344 /* ScenarioBackgroundView.swift */,
				3D4E4862EDE6A9C4FB6FD79B /* ScenarioContainerView.swift */,
				FE46E3647FCFF7630F494F9E /* SolutionView.swift */,
				599642AB2CEC72A429E32B58 /* Spacing+Tokens.swift */,
				D146A709617A400713985CD1 /* SportPickerView.swift */,
				21B6B10987B09CE527846D9F /* SwishView.swift */,
				6CEC5718BECE800709CBC89B /* VariableStrip.swift */,
			);
			path = Render;
			sourceTree = "<group>";
		};
		52A5835568C5BE7C4EC1BE7E /* Resources */ = {
			isa = PBXGroup;
			children = (
				EA885B193037008185758ACB /* Audio */,
				0AFA27E145FCD99C299C11D4 /* Backgrounds */,
				4CFA05BA1C6ED4C57872185A /* Fonts */,
				84A6811EFE8A2A67DC0F7AA2 /* Scenarios */,
				2C959E5B2C519BBFB6ACD0F4 /* Sprites */,
				DEDB5BFF752609FFEBE03DD8 /* Assets.xcassets */,
			);
			path = Resources;
			sourceTree = "<group>";
		};
		56D27181864F02D8765B9645 /* Simulation */ = {
			isa = PBXGroup;
			children = (
				CF9E0602F505A218168F1A6F /* Projectile2DModule.swift */,
				4DEFAC4037D2B22155CE1229 /* SimulationModule.swift */,
				7659807F674E00A2DB85668C /* SimulationRegistry.swift */,
			);
			path = Simulation;
			sourceTree = "<group>";
		};
		58C2A51D3F82FB2A8371CC67 /* Domain */ = {
			isa = PBXGroup;
			children = (
				C4135AD3FFE28EC94268834B /* Rank.swift */,
				47FA49C260B519FC37179C21 /* ScenarioID.swift */,
				87314AE5D3120BC1E36A05C9 /* Sport.swift */,
				58405730E86D1F12E345A4EC /* SportLevelCatalog.swift */,
			);
			path = Domain;
			sourceTree = "<group>";
		};
		669619C3D58C3DC663BB7868 = {
			isa = PBXGroup;
			children = (
				52A5835568C5BE7C4EC1BE7E /* Resources */,
				166A91AC3C2B4B9EF6F46117 /* Sources */,
				AD386B2FA79F16196D83AA9A /* Tests */,
				220C02E89DFD5E281C9E1620 /* Products */,
			);
			sourceTree = "<group>";
		};
		6E212D5F1E294030DB4907DE /* Schema */ = {
			isa = PBXGroup;
			children = (
				396DE9EA2962ACF13E476F99 /* AnimationsDefinition.swift */,
				33CBC61BF6F5D7B7EB6C594C /* HintDefinition.swift */,
				44C621D65E074641B4D9EE7D /* InputDefinition.swift */,
				B56B5C1B3A9978E9FDD773CB /* MetaDefinition.swift */,
				6B16C63005C492179FECFE8B /* OutcomeDefinition.swift */,
				DE41AAC818D00E32D8B2B0FD /* ScenarioDefinition.swift */,
				71CEF348BD01D03D3223B02C /* SimulationConfig.swift */,
				DAC0365E997ADDB9388C7A28 /* SituationDefinition.swift */,
				80EDD39579F7F214B9EA9F12 /* SmokeTestDefinition.swift */,
				B2219A2AB8FEF7741B36D01B /* SolutionDefinition.swift */,
				BC75BC73EFAC1C00733BFD2B /* VoiceDefinition.swift */,
			);
			path = Schema;
			sourceTree = "<group>";
		};
		701CD9DE0B86937C95712FC1 /* Audio */ = {
			isa = PBXGroup;
			children = (
				7CB0B5867941348343B853CE /* AudioService.swift */,
				FED49D4031D10DAF2A453E41 /* SoundID.swift */,
			);
			path = Audio;
			sourceTree = "<group>";
		};
		7AA0248E2812E123919921D9 /* Basketball */ = {
			isa = PBXGroup;
			children = (
				E47AA15346583018EED15CFF /* airball.wav */,
				DAC015AA73E8226960B1022D /* brand-mark.wav */,
				BFF506D6F1A792B76FB0816D /* dribble-loop.wav */,
				6BC8F61703BCD9389E7C4F26 /* glass-bounce.wav */,
				057D1055BF0763AA15795726 /* miss-tone.wav */,
				EFE42EFD365B9D8BF4E5E2B9 /* rim-drop.wav */,
				55657A3022D7E039A18756F4 /* rim-hit.wav */,
				ECB6681874AA39461B8FBAD0 /* shoot-release.wav */,
				5D7CFB1A528CD7007DF960A2 /* swish-net.wav */,
			);
			path = Basketball;
			sourceTree = "<group>";
		};
		84A6811EFE8A2A67DC0F7AA2 /* Scenarios */ = {
			isa = PBXGroup;
			children = (
				BB3143CD8745F4DC69CE78A6 /* bb-freethrow-001.json */,
				96D108D523580546B342728C /* README.md */,
			);
			path = Scenarios;
			sourceTree = "<group>";
		};
		ACC49FBE6747A75AA0D40DFD /* Basketball */ = {
			isa = PBXGroup;
			children = (
				6212191AC0336BE6E1AE4D24 /* bg-basketball-gym-dusk.png */,
			);
			path = Basketball;
			sourceTree = "<group>";
		};
		AD386B2FA79F16196D83AA9A /* Tests */ = {
			isa = PBXGroup;
			children = (
				C11EA3D3ABA9C0ECDF6C1005 /* AudioBundleTests.swift */,
				CAEA9B3ED5D445AAC1D85138 /* PlayerProfileStoreTests.swift */,
				600FF17AE0E433530E691868 /* ScenarioEngineTests.swift */,
			);
			path = Tests;
			sourceTree = "<group>";
		};
		EA885B193037008185758ACB /* Audio */ = {
			isa = PBXGroup;
			children = (
				7AA0248E2812E123919921D9 /* Basketball */,
			);
			path = Audio;
			sourceTree = "<group>";
		};
		ECD960A301AC2691CA54126A /* Services */ = {
			isa = PBXGroup;
			children = (
				86C8711045AAF16CDCB2F433 /* MotionController.swift */,
				A5887B34B2CC453BE544852F /* ScenarioLoader.swift */,
				61C964E97BDE5CC692C8D0BA /* ScenarioSession.swift */,
				31D95294BFFD55218FCC5D71 /* SpotterService.swift */,
				950762B9300C1A37D87CD83C /* SubscriptionService.swift */,
			);
			path = Services;
			sourceTree = "<group>";
		};
/* End PBXGroup section */

/* Begin PBXNativeTarget section */
		26E883F1FFE157385F42A912 /* PhysicsGameTests */ = {
			isa = PBXNativeTarget;
			buildConfigurationList = 6B7275EB2F1F0348C2FD3BAD /* Build configuration list for PBXNativeTarget "PhysicsGameTests" */;
			buildPhases = (
				6C690F5760F9C396AD89671E /* Sources */,
				D0FDD848AB732DF38AE066FF /* Resources */,
			);
			buildRules = (
			);
			dependencies = (
				E822BD9EBD3D667853221ACD /* PBXTargetDependency */,
			);
			name = PhysicsGameTests;
			packageProductDependencies = (
			);
			productName = PhysicsGameTests;
			productReference = 83CB785580DE7171854CF1F5 /* PhysicsGameTests.xctest */;
			productType = "com.apple.product-type.bundle.unit-test";
		};
		86875897627E9CD73CA2F4BC /* PhysicsGame */ = {
			isa = PBXNativeTarget;
			buildConfigurationList = A7309D08B7605ECA6EA06AC2 /* Build configuration list for PBXNativeTarget "PhysicsGame" */;
			buildPhases = (
				BA8A53ABFC0A80A345DE5784 /* Sources */,
				A62CD7B85C2B134F7F4582A6 /* Resources */,
			);
			buildRules = (
			);
			dependencies = (
			);
			name = PhysicsGame;
			packageProductDependencies = (
			);
			productName = PhysicsGame;
			productReference = 37376D982861679D8C01BD9A /* PhysicsGame.app */;
			productType = "com.apple.product-type.application";
		};
/* End PBXNativeTarget section */

/* Begin PBXProject section */
		C9A232D1FE258D2E20FB3523 /* Project object */ = {
			isa = PBXProject;
			attributes = {
				BuildIndependentTargetsInParallel = YES;
				LastUpgradeCheck = 1430;
				TargetAttributes = {
					26E883F1FFE157385F42A912 = {
						DevelopmentTeam = "";
						ProvisioningStyle = Automatic;
					};
					86875897627E9CD73CA2F4BC = {
						ProvisioningStyle = Automatic;
					};
				};
			};
			buildConfigurationList = C50C0A8B08EDA2587433F0DF /* Build configuration list for PBXProject "PhysicsGame" */;
			developmentRegion = en;
			hasScannedForEncodings = 0;
			knownRegions = (
				Base,
				en,
			);
			mainGroup = 669619C3D58C3DC663BB7868;
			minimizedProjectReferenceProxies = 1;
			preferredProjectObjectVersion = 77;
			productRefGroup = 220C02E89DFD5E281C9E1620 /* Products */;
			projectDirPath = "";
			projectRoot = "";
			targets = (
				86875897627E9CD73CA2F4BC /* PhysicsGame */,
				26E883F1FFE157385F42A912 /* PhysicsGameTests */,
			);
		};
/* End PBXProject section */

/* Begin PBXResourcesBuildPhase section */
		A62CD7B85C2B134F7F4582A6 /* Resources */ = {
			isa = PBXResourcesBuildPhase;
			buildActionMask = 2147483647;
			files = (
				B97BC88E0638614CB7DE5161 /* Anton-Regular.ttf in Resources */,
				FB065A66D348701062DA66A7 /* Assets.xcassets in Resources */,
				3C530CA3266970F9C2F27A53 /* BarlowCondensed-Italic.ttf in Resources */,
				3FCFA4CBA20EB8A8166B2139 /* BarlowCondensed-Regular.ttf in Resources */,
				EE1E645F15B31D64FEE9B2BD /* airball.wav in Resources */,
				00D67AA08E23BC47A2446AA4 /* bb-freethrow-001.json in Resources */,
				401B475EBCCFD846AD2E2160 /* bg-basketball-gym-dusk.png in Resources */,
				C4D65769C9586AFA5A6604EC /* brand-mark.wav in Resources */,
				9B5C200ADDB78EBCC3C87827 /* dribble-loop.wav in Resources */,
				B37DE08E75378F1D454EE4A3 /* glass-bounce.wav in Resources */,
				509418D72D2F9259CA499861 /* miss-tone.wav in Resources */,
				6332BC52876D5A9B2A0F3755 /* rim-drop.wav in Resources */,
				BE07AAB32AC82C29B5EBB02D /* rim-hit.wav in Resources */,
				26C9CC49060744D0646517FA /* shoot-release.wav in Resources */,
				D1EBBBC537096C34F0F2E608 /* swish-net.wav in Resources */,
			);
			runOnlyForDeploymentPostprocessing = 0;
		};
		D0FDD848AB732DF38AE066FF /* Resources */ = {
			isa = PBXResourcesBuildPhase;
			buildActionMask = 2147483647;
			files = (
				1EA596BE6BEFFC1A4704EA8C /* README.md in Resources */,
				0A0911734AD176872DFF0C50 /* airball.wav in Resources */,
				D43DE11773969B07462D7774 /* bb-freethrow-001.json in Resources */,
				7F150A76BB9ABDB1B1808142 /* brand-mark.wav in Resources */,
				1C48B74D47984B3873B5A010 /* dribble-loop.wav in Resources */,
				84DB8625238A6A1E8BEC74C2 /* glass-bounce.wav in Resources */,
				F26EB030EB438C2767FB6A89 /* miss-tone.wav in Resources */,
				7230B4DD21FDE19F11E50812 /* rim-drop.wav in Resources */,
				56163DA5B104364F082CCA17 /* rim-hit.wav in Resources */,
				DFE93D1AD9ADB5AC9BF0A3EB /* shoot-release.wav in Resources */,
				0CC6F60D5976ACD96286E7D4 /* swish-net.wav in Resources */,
			);
			runOnlyForDeploymentPostprocessing = 0;
		};
/* End PBXResourcesBuildPhase section */

/* Begin PBXSourcesBuildPhase section */
		6C690F5760F9C396AD89671E /* Sources */ = {
			isa = PBXSourcesBuildPhase;
			buildActionMask = 2147483647;
			files = (
				C610B815B320DD0136B51A43 /* AudioBundleTests.swift in Sources */,
				E9FAFB27F65BB0B4E1A82A3C /* PlayerProfileStoreTests.swift in Sources */,
				54E1B51806DAA22B8F5B442F /* ScenarioEngineTests.swift in Sources */,
			);
			runOnlyForDeploymentPostprocessing = 0;
		};
		BA8A53ABFC0A80A345DE5784 /* Sources */ = {
			isa = PBXSourcesBuildPhase;
			buildActionMask = 2147483647;
			files = (
				9880E276D98F5414A0D375A3 /* AnimationsDefinition.swift in Sources */,
				769D66F6B595C2EE68905096 /* AppOpenView.swift in Sources */,
				1077E261CD66562A5EDB8775 /* AudioService.swift in Sources */,
				9059FCB68096571624BC1472 /* Color+Tokens.swift in Sources */,
				D01562D44B3D2C7420D507E2 /* CourtCoordinateTransform.swift in Sources */,
				F055B38FF1A5F577448BFC35 /* Font+Tokens.swift in Sources */,
				D76C91B8317812B6FD546755 /* HintDefinition.swift in Sources */,
				E31EA62FDBC7F1DB91F95438 /* InputDefinition.swift in Sources */,
				B7FE2111780869E842FDA339 /* IntroView.swift in Sources */,
				30604F22E6E61A375E2036E9 /* LevelSelectView.swift in Sources */,
				01F651FCB58C68A4E52A2D4C /* MetaDefinition.swift in Sources */,
				D253BE4153A3E2F7975C19F7 /* MissedView.swift in Sources */,
				C5141DF8A7BF4D58920CCD78 /* MotionController.swift in Sources */,
				FB8A49C0551FAA4C8FB1D441 /* OnboardingView.swift in Sources */,
				4CA11326E36DD74EFE10803A /* OutcomeDefinition.swift in Sources */,
				7D1B2F2038833CF6F6369A6D /* PersistenceKeys.swift in Sources */,
				255AD4BD76D76ACC8419414A /* PhysicsGameApp.swift in Sources */,
				E7E6B89CADBEC9575B567648 /* PlayHUDView.swift in Sources */,
				28BC1105C13C6CFAAAE1C94C /* PlayInputView.swift in Sources */,
				B1533C3DAC8E1B72A07FA2BA /* PlayLayoutMetrics.swift in Sources */,
				EED8294D5F7AFAB0608576F2 /* PlaySceneNode.swift in Sources */,
				86D53428E359A02D83382995 /* PlayView.swift in Sources */,
				58BC89208219985DCBF66E68 /* PlayerProfile.swift in Sources */,
				547951081C26F2B26320D5B4 /* PlayerProfileStore.swift in Sources */,
				CFECCB174E13F0134AE220D8 /* PostSplashRouterView.swift in Sources */,
				885BA8D5DBBE5C2882D58D3B /* Projectile2DModule.swift in Sources */,
				FF0BDF00C15711329506705D /* Rank.swift in Sources */,
				B85FF9AB712B6016807F3758 /* RootView.swift in Sources */,
				4D174938975E03A2166E858F /* ScenarioBackgroundView.swift in Sources */,
				C81C17F196778D2C3ABFD111 /* ScenarioContainerView.swift in Sources */,
				EAFFD42F8D90C1A8C7DB3951 /* ScenarioDefinition.swift in Sources */,
				4887680ABFE2FD71F807C396 /* ScenarioID.swift in Sources */,
				201A43D5B00E715BE4574539 /* ScenarioLoader.swift in Sources */,
				428CE4CA1294A8153B2339EC /* ScenarioRecord.swift in Sources */,
				C96B940356EB7F956A1A64C8 /* ScenarioSession.swift in Sources */,
				42DAF86344D10DD6F0080A18 /* SimulationConfig.swift in Sources */,
				CC097283E05CCD708ED75428 /* SimulationModule.swift in Sources */,
				870C7A5A3DF2EA80B58C8F9D /* SimulationRegistry.swift in Sources */,
				A50A6EC19CA4C118E4EA195D /* SituationDefinition.swift in Sources */,
				3721462579BA6C98995789D6 /* SmokeTestDefinition.swift in Sources */,
				E2A9013B2E5CB5466F1B79AB /* SolutionDefinition.swift in Sources */,
				8D7E7C56B7D4510EAA46433F /* SolutionView.swift in Sources */,
				B5602FC9868846E4BF52FA4A /* SoundID.swift in Sources */,
				CE2C7347CE0F40BFC3A705C8 /* Spacing+Tokens.swift in Sources */,
				647FDE681CB9A8A0118245B8 /* Sport.swift in Sources */,
				D6A0EE326D44171B26FC2E52 /* SportLevelCatalog.swift in Sources */,
				3504E06BDE871ECEF939E529 /* SportPickerView.swift in Sources */,
				6D7C9EB3F8B605EA8D4789A3 /* SpotterService.swift in Sources */,
				FFE6E0A77ACD04D4A43EAB32 /* SubscriptionService.swift in Sources */,
				2775B87C22AC233CDC66D388 /* SwishView.swift in Sources */,
				C7F7E63F6E0454993C1F097B /* VariableStrip.swift in Sources */,
				CB055AADD3F9BD442ADFE2F1 /* VoiceDefinition.swift in Sources */,
			);
			runOnlyForDeploymentPostprocessing = 0;
		};
/* End PBXSourcesBuildPhase section */

/* Begin PBXTargetDependency section */
		E822BD9EBD3D667853221ACD /* PBXTargetDependency */ = {
			isa = PBXTargetDependency;
			target = 86875897627E9CD73CA2F4BC /* PhysicsGame */;
			targetProxy = 09163EDC1C436F5226DF9F96 /* PBXContainerItemProxy */;
		};
/* End PBXTargetDependency section */

/* Begin XCBuildConfiguration section */
		01FE8331DA3D14979019A979 /* Debug */ = {
			isa = XCBuildConfiguration;
			buildSettings = {
				ALWAYS_SEARCH_USER_PATHS = NO;
				CLANG_ANALYZER_NONNULL = YES;
				CLANG_ANALYZER_NUMBER_OBJECT_CONVERSION = YES_AGGRESSIVE;
				CLANG_CXX_LANGUAGE_STANDARD = "gnu++14";
				CLANG_CXX_LIBRARY = "libc++";
				CLANG_ENABLE_MODULES = YES;
				CLANG_ENABLE_OBJC_ARC = YES;
				CLANG_ENABLE_OBJC_WEAK = YES;
				CLANG_WARN_BLOCK_CAPTURE_AUTORELEASING = YES;
				CLANG_WARN_BOOL_CONVERSION = YES;
				CLANG_WARN_COMMA = YES;
				CLANG_WARN_CONSTANT_CONVERSION = YES;
				CLANG_WARN_DEPRECATED_OBJC_IMPLEMENTATIONS = YES;
				CLANG_WARN_DIRECT_OBJC_ISA_USAGE = YES_ERROR;
				CLANG_WARN_DOCUMENTATION_COMMENTS = YES;
				CLANG_WARN_EMPTY_BODY = YES;
				CLANG_WARN_ENUM_CONVERSION = YES;
				CLANG_WARN_INFINITE_RECURSION = YES;
				CLANG_WARN_INT_CONVERSION = YES;
				CLANG_WARN_NON_LITERAL_NULL_CONVERSION = YES;
				CLANG_WARN_OBJC_IMPLICIT_RETAIN_SELF = YES;
				CLANG_WARN_OBJC_LITERAL_CONVERSION = YES;
				CLANG_WARN_OBJC_ROOT_CLASS = YES_ERROR;
				CLANG_WARN_QUOTED_INCLUDE_IN_FRAMEWORK_HEADER = YES;
				CLANG_WARN_RANGE_LOOP_ANALYSIS = YES;
				CLANG_WARN_STRICT_PROTOTYPES = YES;
				CLANG_WARN_SUSPICIOUS_MOVE = YES;
				CLANG_WARN_UNGUARDED_AVAILABILITY = YES_AGGRESSIVE;
				CLANG_WARN_UNREACHABLE_CODE = YES;
				CLANG_WARN__DUPLICATE_METHOD_MATCH = YES;
				CODE_SIGN_STYLE = Automatic;
				COPY_PHASE_STRIP = NO;
				DEBUG_INFORMATION_FORMAT = dwarf;
				DEVELOPMENT_TEAM = "";
				ENABLE_STRICT_OBJC_MSGSEND = YES;
				ENABLE_TESTABILITY = YES;
				ENABLE_USER_SCRIPT_SANDBOXING = YES;
				GCC_C_LANGUAGE_STANDARD = gnu11;
				GCC_DYNAMIC_NO_PIC = NO;
				GCC_NO_COMMON_BLOCKS = YES;
				GCC_OPTIMIZATION_LEVEL = 0;
				GCC_PREPROCESSOR_DEFINITIONS = (
					"$(inherited)",
					"DEBUG=1",
				);
				GCC_WARN_64_TO_32_BIT_CONVERSION = YES;
				GCC_WARN_ABOUT_RETURN_TYPE = YES_ERROR;
				GCC_WARN_UNDECLARED_SELECTOR = YES;
				GCC_WARN_UNINITIALIZED_AUTOS = YES_AGGRESSIVE;
				GCC_WARN_UNUSED_FUNCTION = YES;
				GCC_WARN_UNUSED_VARIABLE = YES;
				IPHONEOS_DEPLOYMENT_TARGET = 18.0;
				MTL_ENABLE_DEBUG_INFO = INCLUDE_SOURCE;
				MTL_FAST_MATH = YES;
				ONLY_ACTIVE_ARCH = YES;
				PRODUCT_NAME = "$(TARGET_NAME)";
				SDKROOT = iphoneos;
				SWIFT_ACTIVE_COMPILATION_CONDITIONS = DEBUG;
				SWIFT_OPTIMIZATION_LEVEL = "-Onone";
				SWIFT_STRICT_CONCURRENCY = complete;
				SWIFT_VERSION = 6.0;
			};
			name = Debug;
		};
		12C6C681D5DA8E844D86C3DF /* Debug */ = {
			isa = XCBuildConfiguration;
			buildSettings = {
				ASSETCATALOG_COMPILER_APPICON_NAME = AppIcon;
				ASSETCATALOG_COMPILER_GLOBAL_ACCENT_COLOR_NAME = AccentColor;
				CODE_SIGN_IDENTITY = "iPhone Developer";
				DEVELOPMENT_TEAM = R54QH2958C;
				GENERATE_INFOPLIST_FILE = NO;
				INFOPLIST_FILE = Sources/Info.plist;
				IPHONEOS_DEPLOYMENT_TARGET = 18.0;
				LD_RUNPATH_SEARCH_PATHS = (
					"$(inherited)",
					"@executable_path/Frameworks",
				);
				PRODUCT_BUNDLE_IDENTIFIER = com.iftekharanwar.physicsgame;
				SDKROOT = iphoneos;
				TARGETED_DEVICE_FAMILY = 1;
			};
			name = Debug;
		};
		35C64FC806B1B65468600372 /* Release */ = {
			isa = XCBuildConfiguration;
			buildSettings = {
				ALWAYS_SEARCH_USER_PATHS = NO;
				CLANG_ANALYZER_NONNULL = YES;
				CLANG_ANALYZER_NUMBER_OBJECT_CONVERSION = YES_AGGRESSIVE;
				CLANG_CXX_LANGUAGE_STANDARD = "gnu++14";
				CLANG_CXX_LIBRARY = "libc++";
				CLANG_ENABLE_MODULES = YES;
				CLANG_ENABLE_OBJC_ARC = YES;
				CLANG_ENABLE_OBJC_WEAK = YES;
				CLANG_WARN_BLOCK_CAPTURE_AUTORELEASING = YES;
				CLANG_WARN_BOOL_CONVERSION = YES;
				CLANG_WARN_COMMA = YES;
				CLANG_WARN_CONSTANT_CONVERSION = YES;
				CLANG_WARN_DEPRECATED_OBJC_IMPLEMENTATIONS = YES;
				CLANG_WARN_DIRECT_OBJC_ISA_USAGE = YES_ERROR;
				CLANG_WARN_DOCUMENTATION_COMMENTS = YES;
				CLANG_WARN_EMPTY_BODY = YES;
				CLANG_WARN_ENUM_CONVERSION = YES;
				CLANG_WARN_INFINITE_RECURSION = YES;
				CLANG_WARN_INT_CONVERSION = YES;
				CLANG_WARN_NON_LITERAL_NULL_CONVERSION = YES;
				CLANG_WARN_OBJC_IMPLICIT_RETAIN_SELF = YES;
				CLANG_WARN_OBJC_LITERAL_CONVERSION = YES;
				CLANG_WARN_OBJC_ROOT_CLASS = YES_ERROR;
				CLANG_WARN_QUOTED_INCLUDE_IN_FRAMEWORK_HEADER = YES;
				CLANG_WARN_RANGE_LOOP_ANALYSIS = YES;
				CLANG_WARN_STRICT_PROTOTYPES = YES;
				CLANG_WARN_SUSPICIOUS_MOVE = YES;
				CLANG_WARN_UNGUARDED_AVAILABILITY = YES_AGGRESSIVE;
				CLANG_WARN_UNREACHABLE_CODE = YES;
				CLANG_WARN__DUPLICATE_METHOD_MATCH = YES;
				CODE_SIGN_STYLE = Automatic;
				COPY_PHASE_STRIP = NO;
				DEBUG_INFORMATION_FORMAT = "dwarf-with-dsym";
				DEVELOPMENT_TEAM = "";
				ENABLE_NS_ASSERTIONS = NO;
				ENABLE_STRICT_OBJC_MSGSEND = YES;
				ENABLE_USER_SCRIPT_SANDBOXING = YES;
				GCC_C_LANGUAGE_STANDARD = gnu11;
				GCC_NO_COMMON_BLOCKS = YES;
				GCC_WARN_64_TO_32_BIT_CONVERSION = YES;
				GCC_WARN_ABOUT_RETURN_TYPE = YES_ERROR;
				GCC_WARN_UNDECLARED_SELECTOR = YES;
				GCC_WARN_UNINITIALIZED_AUTOS = YES_AGGRESSIVE;
				GCC_WARN_UNUSED_FUNCTION = YES;
				GCC_WARN_UNUSED_VARIABLE = YES;
				IPHONEOS_DEPLOYMENT_TARGET = 18.0;
				MTL_ENABLE_DEBUG_INFO = NO;
				MTL_FAST_MATH = YES;
				PRODUCT_NAME = "$(TARGET_NAME)";
				SDKROOT = iphoneos;
				SWIFT_COMPILATION_MODE = wholemodule;
				SWIFT_OPTIMIZATION_LEVEL = "-O";
				SWIFT_STRICT_CONCURRENCY = complete;
				SWIFT_VERSION = 6.0;
			};
			name = Release;
		};
		88E6AA6AE649A758144C94D6 /* Debug */ = {
			isa = XCBuildConfiguration;
			buildSettings = {
				BUNDLE_LOADER = "$(TEST_HOST)";
				GENERATE_INFOPLIST_FILE = YES;
				IPHONEOS_DEPLOYMENT_TARGET = 18.0;
				LD_RUNPATH_SEARCH_PATHS = (
					"$(inherited)",
					"@executable_path/Frameworks",
					"@loader_path/Frameworks",
				);
				PRODUCT_BUNDLE_IDENTIFIER = com.iftekharanwar.physicsgame.tests;
				SDKROOT = iphoneos;
				SWIFT_VERSION = 6.0;
				TARGETED_DEVICE_FAMILY = "1,2";
				TEST_HOST = "$(BUILT_PRODUCTS_DIR)/PhysicsGame.app/PhysicsGame";
			};
			name = Debug;
		};
		D761DC23C4BFFCF2A7D4CF14 /* Release */ = {
			isa = XCBuildConfiguration;
			buildSettings = {
				ASSETCATALOG_COMPILER_APPICON_NAME = AppIcon;
				ASSETCATALOG_COMPILER_GLOBAL_ACCENT_COLOR_NAME = AccentColor;
				CODE_SIGN_IDENTITY = "iPhone Developer";
				DEVELOPMENT_TEAM = R54QH2958C;
				GENERATE_INFOPLIST_FILE = NO;
				INFOPLIST_FILE = Sources/Info.plist;
				IPHONEOS_DEPLOYMENT_TARGET = 18.0;
				LD_RUNPATH_SEARCH_PATHS = (
					"$(inherited)",
					"@executable_path/Frameworks",
				);
				PRODUCT_BUNDLE_IDENTIFIER = com.iftekharanwar.physicsgame;
				SDKROOT = iphoneos;
				TARGETED_DEVICE_FAMILY = 1;
			};
			name = Release;
		};
		DAA0A5DE690F578F98324F02 /* Release */ = {
			isa = XCBuildConfiguration;
			buildSettings = {
				BUNDLE_LOADER = "$(TEST_HOST)";
				GENERATE_INFOPLIST_FILE = YES;
				IPHONEOS_DEPLOYMENT_TARGET = 18.0;
				LD_RUNPATH_SEARCH_PATHS = (
					"$(inherited)",
					"@executable_path/Frameworks",
					"@loader_path/Frameworks",
				);
				PRODUCT_BUNDLE_IDENTIFIER = com.iftekharanwar.physicsgame.tests;
				SDKROOT = iphoneos;
				SWIFT_VERSION = 6.0;
				TARGETED_DEVICE_FAMILY = "1,2";
				TEST_HOST = "$(BUILT_PRODUCTS_DIR)/PhysicsGame.app/PhysicsGame";
			};
			name = Release;
		};
/* End XCBuildConfiguration section */

/* Begin XCConfigurationList section */
		6B7275EB2F1F0348C2FD3BAD /* Build configuration list for PBXNativeTarget "PhysicsGameTests" */ = {
			isa = XCConfigurationList;
			buildConfigurations = (
				88E6AA6AE649A758144C94D6 /* Debug */,
				DAA0A5DE690F578F98324F02 /* Release */,
			);
			defaultConfigurationIsVisible = 0;
			defaultConfigurationName = Debug;
		};
		A7309D08B7605ECA6EA06AC2 /* Build configuration list for PBXNativeTarget "PhysicsGame" */ = {
			isa = XCConfigurationList;
			buildConfigurations = (
				12C6C681D5DA8E844D86C3DF /* Debug */,
				D761DC23C4BFFCF2A7D4CF14 /* Release */,
			);
			defaultConfigurationIsVisible = 0;
			defaultConfigurationName = Debug;
		};
		C50C0A8B08EDA2587433F0DF /* Build configuration list for PBXProject "PhysicsGame" */ = {
			isa = XCConfigurationList;
			buildConfigurations = (
				01FE8331DA3D14979019A979 /* Debug */,
				35C64FC806B1B65468600372 /* Release */,
			);
			defaultConfigurationIsVisible = 0;
			defaultConfigurationName = Debug;
		};
/* End XCConfigurationList section */
	};
	rootObject = C9A232D1FE258D2E20FB3523 /* Project object */;
}
